{
  "lockfileVersion": 1,
  "dependencies": {
    "add-dom-event-listener": {
      "version": "1.0.2",
      "resolved": "http://registry.npm.taobao.org/add-dom-event-listener/download/add-dom-event-listener-1.0.2.tgz",
      "integrity": "sha1-j67SxBAIchzxEdodMNmVuFvkK+0="
    },
    "antd-mobile": {
      "version": "1.2.0",
      "resolved": "http://registry.npm.taobao.org/antd-mobile/download/antd-mobile-1.2.0.tgz",
      "integrity": "sha1-O7wv4Tv32fmxx+4Qz9nOK5AhTUU="
    },
    "array-tree-filter": {
      "version": "1.0.1",
      "resolved": "http://registry.npm.taobao.org/array-tree-filter/download/array-tree-filter-1.0.1.tgz",
      "integrity": "sha1-CorR7v04zoiFhjL5zAQj12NOTV0="
    },
    "asap": {
      "version": "2.0.5",
      "resolved": "http://registry.npm.taobao.org/asap/download/asap-2.0.5.tgz",
      "integrity": "sha1-UidltQw1EEkOUtfc/ghe+bqWlY8="
    },
    "async-validator": {
      "version": "1.7.1",
      "resolved": "http://registry.npm.taobao.org/async-validator/download/async-validator-1.7.1.tgz",
      "integrity": "sha1-idPXo4TKXQXg8Hv1F1TVkeLP7GE="
    },
    "autobind-decorator": {
      "version": "1.4.1",
      "resolved": "http://registry.npm.taobao.org/autobind-decorator/download/autobind-decorator-1.4.1.tgz",
      "integrity": "sha1-4FiH6S5kZtQ+wkfAaS+HdNlco/0="
    },
    "babel-plugin-dva-hmr": {
      "version": "0.3.2",
      "resolved": "http://registry.npm.taobao.org/babel-plugin-dva-hmr/download/babel-plugin-dva-hmr-0.3.2.tgz",
      "integrity": "sha1-EP4PxLnrs75a4ylcXN+PCmD6y9s=",
      "dev": true
    },
    "babel-plugin-import": {
      "version": "1.2.1",
      "resolved": "http://registry.npm.taobao.org/babel-plugin-import/download/babel-plugin-import-1.2.1.tgz",
      "integrity": "sha1-dyaqGw94DmjVD50444txTt2eew8=",
      "dev": true
    },
    "babel-plugin-transform-runtime": {
      "version": "6.23.0",
      "resolved": "http://registry.npm.taobao.org/babel-plugin-transform-runtime/download/babel-plugin-transform-runtime-6.23.0.tgz",
      "integrity": "sha1-iEkNRGUC6puOfvsP4J7E2ZR5se4=",
      "dev": true
    },
    "babel-runtime": {
      "version": "6.23.0",
      "resolved": "http://registry.npm.taobao.org/babel-runtime/download/babel-runtime-6.23.0.tgz",
      "integrity": "sha1-CpSJ8UTecO+zzkMArM2zKeL8VDs="
    },
    "classnames": {
      "version": "2.2.5",
      "resolved": "http://registry.npm.taobao.org/classnames/download/classnames-2.2.5.tgz",
      "integrity": "sha1-+zgB1FNGdknvNgPH1hoCvRKb3m0="
    },
    "component-classes": {
      "version": "1.2.6",
      "resolved": "http://registry.npm.taobao.org/component-classes/download/component-classes-1.2.6.tgz",
      "integrity": "sha1-xkI5TDYYpNiwuJGe/Mu9kw5c1pE="
    },
    "component-indexof": {
      "version": "0.0.3",
      "resolved": "http://registry.npm.taobao.org/component-indexof/download/component-indexof-0.0.3.tgz",
      "integrity": "sha1-EdCRMSI5648yyPJa6csAL/6NPCQ="
    },
    "core-js": {
      "version": "2.4.1",
      "resolved": "http://registry.npm.taobao.org/core-js/download/core-js-2.4.1.tgz",
      "integrity": "sha1-TekR5mew6ukSTjQlS1OupvxhjT4="
    },
    "create-react-class": {
      "version": "15.5.3",
      "resolved": "http://registry.npm.taobao.org/create-react-class/download/create-react-class-15.5.3.tgz",
      "integrity": "sha1-+w98rnkznpoXnhlO9Gbvo5I4IP4="
    },
    "css-animation": {
      "version": "1.3.2",
      "resolved": "http://registry.npm.taobao.org/css-animation/download/css-animation-1.3.2.tgz",
      "integrity": "sha1-31FYIO9ZA3M60tsJmUA7MDe4uIA="
    },
    "deep-equal": {
      "version": "1.0.1",
      "resolved": "http://registry.npm.taobao.org/deep-equal/download/deep-equal-1.0.1.tgz",
      "integrity": "sha1-9dJgKStmDghO/0zbyfCK0yR0SLU="
    },
    "dom-align": {
      "version": "1.6.0",
      "resolved": "http://registry.npm.taobao.org/dom-align/download/dom-align-1.6.0.tgz",
      "integrity": "sha1-EK/ls+CxvvxbbhOVo9cg0CVMiM4="
    },
    "dom-scroll-into-view": {
      "version": "1.2.1",
      "resolved": "http://registry.npm.taobao.org/dom-scroll-into-view/download/dom-scroll-into-view-1.2.1.tgz",
      "integrity": "sha1-6PNnMt0ImwIBqI14Fdw/iObWbH4="
    },
    "dom-walk": {
      "version": "0.1.1",
      "resolved": "http://registry.npm.taobao.org/dom-walk/download/dom-walk-0.1.1.tgz",
      "integrity": "sha1-ZyIm3HTI95mtNTB9+TaroRrNYBg="
    },
    "dva": {
      "version": "1.2.1",
      "resolved": "http://registry.npm.taobao.org/dva/download/dva-1.2.1.tgz",
      "integrity": "sha1-ueeKTxgSsiMBNNG7e6rdGvNjATg="
    },
    "dva-loading": {
      "version": "0.2.1",
      "resolved": "http://registry.npm.taobao.org/dva-loading/download/dva-loading-0.2.1.tgz",
      "integrity": "sha1-+tdrjusow2Y6LuGHTMEYcClAxjw="
    },
    "encoding": {
      "version": "0.1.12",
      "resolved": "http://registry.npm.taobao.org/encoding/download/encoding-0.1.12.tgz",
      "integrity": "sha1-U4tm8+5izRq1HsMjgp0flIDHS+s="
    },
    "exenv": {
      "version": "1.2.2",
      "resolved": "http://registry.npm.taobao.org/exenv/download/exenv-1.2.2.tgz",
      "integrity": "sha1-KueOhdmJQVhnCwPUe+wfA72Ru50="
    },
    "fbjs": {
      "version": "0.8.12",
      "resolved": "http://registry.npm.taobao.org/fbjs/download/fbjs-0.8.12.tgz",
      "integrity": "sha1-ELXZL3bUVXX9Y6IX1OoCvqL47QQ=",
      "dependencies": {
        "core-js": {
          "version": "1.2.7",
          "resolved": "http://registry.npm.taobao.org/core-js/download/core-js-1.2.7.tgz",
          "integrity": "sha1-ZSKUwUZR2yj6k70tX/KYOk8IxjY="
        }
      }
    },
    "flatten": {
      "version": "1.0.2",
      "resolved": "http://registry.npm.taobao.org/flatten/download/flatten-1.0.2.tgz",
      "integrity": "sha1-2uRqnXj74lKSJYzB54CkHZXAN4I="
    },
    "for-in": {
      "version": "1.0.2",
      "resolved": "http://registry.npm.taobao.org/for-in/download/for-in-1.0.2.tgz",
      "integrity": "sha1-gQaNKVqBQuwKxybG4iAMMPttXoA="
    },
    "for-own": {
      "version": "0.1.5",
      "resolved": "http://registry.npm.taobao.org/for-own/download/for-own-0.1.5.tgz",
      "integrity": "sha1-UmXGgaTylNq78XyVCbZ2OqhFEM4="
    },
    "global": {
      "version": "4.3.2",
      "resolved": "http://registry.npm.taobao.org/global/download/global-4.3.2.tgz",
      "integrity": "sha1-52mJJopsdMOJCLEwWxD8DjlOnQ8="
    },
    "hammerjs": {
      "version": "2.0.8",
      "resolved": "http://registry.npm.taobao.org/hammerjs/download/hammerjs-2.0.8.tgz",
      "integrity": "sha1-BO93hiz/K7edMPdpIJWTAiK/YPE="
    },
    "history": {
      "version": "2.1.2",
      "resolved": "http://registry.npm.taobao.org/history/download/history-2.1.2.tgz",
      "integrity": "sha1-SqLeiXoOSGfkU5hDvm7Nsphr/ew=",
      "dependencies": {
        "warning": {
          "version": "2.1.0",
          "resolved": "http://registry.npm.taobao.org/warning/download/warning-2.1.0.tgz",
          "integrity": "sha1-ISINnGOvx3qMkhEeARr3Bc4MaQE="
        }
      }
    },
    "hoist-non-react-statics": {
      "version": "1.2.0",
      "resolved": "http://registry.npm.taobao.org/hoist-non-react-statics/download/hoist-non-react-statics-1.2.0.tgz",
      "integrity": "sha1-qkSM8JhtVcxAdzsXF0t90GbLfPs="
    },
    "iconv-lite": {
      "version": "0.4.17",
      "resolved": "http://registry.npm.taobao.org/iconv-lite/download/iconv-lite-0.4.17.tgz",
      "integrity": "sha1-T9qjs4rLwsAxsEXQ7c3+HsqxjI0="
    },
    "invariant": {
      "version": "2.2.2",
      "resolved": "http://registry.npm.taobao.org/invariant/download/invariant-2.2.2.tgz",
      "integrity": "sha1-nh9WrArNtr8wMwbzOL47IErmA2A="
    },
    "is-extendable": {
      "version": "0.1.1",
      "resolved": "http://registry.npm.taobao.org/is-extendable/download/is-extendable-0.1.1.tgz",
      "integrity": "sha1-YrEQ4omkcUGOPsNqYX1HLjAd/Ik="
    },
    "is-plain-object": {
      "version": "2.0.3",
      "resolved": "http://registry.npm.taobao.org/is-plain-object/download/is-plain-object-2.0.3.tgz",
      "integrity": "sha1-wVvz5LZrYtcu+vKSWEhmPsvGGbY="
    },
    "is-stream": {
      "version": "1.1.0",
      "resolved": "http://registry.npm.taobao.org/is-stream/download/is-stream-1.1.0.tgz",
      "integrity": "sha1-EtSj3U5o4Lec6428hBc66A2RykQ="
    },
    "isobject": {
      "version": "3.0.0",
      "resolved": "http://registry.npm.taobao.org/isobject/download/isobject-3.0.0.tgz",
      "integrity": "sha1-OVZSF/NmF4nooKDAgNX35rxG4aA="
    },
    "isomorphic-fetch": {
      "version": "2.2.1",
      "resolved": "http://registry.npm.taobao.org/isomorphic-fetch/download/isomorphic-fetch-2.2.1.tgz",
      "integrity": "sha1-YRrhrPFPXoH3KVB0coGf6XM1WKk="
    },
    "js-tokens": {
      "version": "3.0.1",
      "resolved": "http://registry.npm.taobao.org/js-tokens/download/js-tokens-3.0.1.tgz",
      "integrity": "sha1-COnxMkhKLEWjCQfp3E1VZ7fxFNc="
    },
    "kw-react-tween-state": {
      "version": "0.1.5",
      "resolved": "http://registry.npm.taobao.org/kw-react-tween-state/download/kw-react-tween-state-0.1.5.tgz",
      "integrity": "sha1-dECImI018UzMLKNq+WvAns56t4s="
    },
    "lodash": {
      "version": "4.17.4",
      "resolved": "http://registry.npm.taobao.org/lodash/download/lodash-4.17.4.tgz",
      "integrity": "sha1-eCA6TRwyiuHYbcpkYONptX9AVa4="
    },
    "lodash-es": {
      "version": "4.17.4",
      "resolved": "http://registry.npm.taobao.org/lodash-es/download/lodash-es-4.17.4.tgz",
      "integrity": "sha1-3MHXVS4VCgZABzupyzHXDwMpUOc="
    },
    "lodash._getnative": {
      "version": "3.9.1",
      "resolved": "http://registry.npm.taobao.org/lodash._getnative/download/lodash._getnative-3.9.1.tgz",
      "integrity": "sha1-VwvH3t5G1hzc3mh9ZdPuy6o6r/U="
    },
    "lodash.debounce": {
      "version": "4.0.8",
      "resolved": "http://registry.npm.taobao.org/lodash.debounce/download/lodash.debounce-4.0.8.tgz",
      "integrity": "sha1-gteb/zCmfEAF/9XiUVMArZyk168="
    },
    "lodash.get": {
      "version": "4.4.2",
      "resolved": "http://registry.npm.taobao.org/lodash.get/download/lodash.get-4.4.2.tgz",
      "integrity": "sha1-LRd/ZS+jHpObRDjVNBSZ36OCXpk="
    },
    "lodash.isarguments": {
      "version": "3.1.0",
      "resolved": "http://registry.npm.taobao.org/lodash.isarguments/download/lodash.isarguments-3.1.0.tgz",
      "integrity": "sha1-L1c9hcaiQon/AGY7SRwdM4/zRYo="
    },
    "lodash.isarray": {
      "version": "3.0.4",
      "resolved": "http://registry.npm.taobao.org/lodash.isarray/download/lodash.isarray-3.0.4.tgz",
      "integrity": "sha1-eeTriMNqgSKvhvhEqpvNhRtfu1U="
    },
    "lodash.isfunction": {
      "version": "3.0.8",
      "resolved": "http://registry.npm.taobao.org/lodash.isfunction/download/lodash.isfunction-3.0.8.tgz",
      "integrity": "sha1-TbcJ/IG8So/XEnpFilNGxc3OLGs="
    },
    "lodash.keys": {
      "version": "3.1.2",
      "resolved": "http://registry.npm.taobao.org/lodash.keys/download/lodash.keys-3.1.2.tgz",
      "integrity": "sha1-TbwEcrFWvlCgsoaFXRvQsMZWCYo="
    },
    "loose-envify": {
      "version": "1.3.1",
      "resolved": "http://registry.npm.taobao.org/loose-envify/download/loose-envify-1.3.1.tgz",
      "integrity": "sha1-0aitM/qc4OcT1l/dCsi3SNR4yEg="
    },
    "min-document": {
      "version": "2.19.0",
      "resolved": "http://registry.npm.taobao.org/min-document/download/min-document-2.19.0.tgz",
      "integrity": "sha1-e9KC4/WELtKVu3SM3Z8f+iyCRoU="
    },
    "moment": {
      "version": "2.18.1",
      "resolved": "http://registry.npm.taobao.org/moment/download/moment-2.18.1.tgz",
      "integrity": "sha1-w2GT3Tzhwu7SrbfIAtu8d6gbHA8="
    },
    "node-fetch": {
      "version": "1.7.1",
      "resolved": "http://registry.npm.taobao.org/node-fetch/download/node-fetch-1.7.1.tgz",
      "integrity": "sha1-iZyz0KPJL5UsR/G4dvTIrqvUANU="
    },
    "normalize.css": {
      "version": "7.0.0",
      "resolved": "http://registry.npm.taobao.org/normalize.css/download/normalize.css-7.0.0.tgz",
      "integrity": "sha1-q/sd2CRwZ04DIrU86xqvQSk45L8="
    },
    "object-assign": {
      "version": "4.1.1",
      "resolved": "http://registry.npm.taobao.org/object-assign/download/object-assign-4.1.1.tgz",
      "integrity": "sha1-IQmtx5ZYh8/AXLvUQsrIv7s2CGM="
    },
    "object.omit": {
      "version": "2.0.1",
      "resolved": "http://registry.npm.taobao.org/object.omit/download/object.omit-2.0.1.tgz",
      "integrity": "sha1-Gpx0SCnznbuFjHbKNXmuKlTr0fo="
    },
    "omit.js": {
      "version": "0.1.0",
      "resolved": "http://registry.npm.taobao.org/omit.js/download/omit.js-0.1.0.tgz",
      "integrity": "sha1-l4aiGm1sMW+jW7FOcQHu7iHFIEQ="
    },
    "performance-now": {
      "version": "2.1.0",
      "resolved": "http://registry.npm.taobao.org/performance-now/download/performance-now-2.1.0.tgz",
      "integrity": "sha1-Ywn04OX6kT7BxpMHrjZLSzd8nns="
    },
    "process": {
      "version": "0.5.2",
      "resolved": "http://registry.npm.taobao.org/process/download/process-0.5.2.tgz",
      "integrity": "sha1-FjjYqONML0QKkduVq5rrZ3/Bhc8="
    },
    "promise": {
      "version": "7.1.1",
      "resolved": "http://registry.npm.taobao.org/promise/download/promise-7.1.1.tgz",
      "integrity": "sha1-SJZUxpJha4qlWwck+oCbt9tJxb8="
    },
    "prop-types": {
      "version": "15.5.10",
      "resolved": "http://registry.npm.taobao.org/prop-types/download/prop-types-15.5.10.tgz",
      "integrity": "sha1-J5ffwxJhguOpXj37suiT3ddFYVQ="
    },
    "qiniu4js": {
      "version": "1.0.13",
      "resolved": "http://registry.npm.taobao.org/qiniu4js/download/qiniu4js-1.0.13.tgz",
      "integrity": "sha1-IekshM82PVrAzfH/F9/8oPDdDYw="
    },
    "query-string": {
      "version": "3.0.3",
      "resolved": "http://registry.npm.taobao.org/query-string/download/query-string-3.0.3.tgz",
      "integrity": "sha1-ri4UtNBQcdTpuetIc8NbDc1C5jg="
    },
    "raf": {
      "version": "3.3.2",
      "resolved": "http://registry.npm.taobao.org/raf/download/raf-3.3.2.tgz",
      "integrity": "sha1-DBO+C1tJtG921maSSNUnzysC/ic="
    },
    "rc-align": {
      "version": "2.3.4",
      "resolved": "http://registry.npm.taobao.org/rc-align/download/rc-align-2.3.4.tgz",
      "integrity": "sha1-2Dvat1YPAULnKj3h1JXatroiUkk="
    },
    "rc-animate": {
      "version": "2.3.6",
      "resolved": "http://registry.npm.taobao.org/rc-animate/download/rc-animate-2.3.6.tgz",
      "integrity": "sha1-QXeigixnrfT9W5CM66fO6NE8H6w="
    },
    "rc-checkbox": {
      "version": "2.0.3",
      "resolved": "http://registry.npm.taobao.org/rc-checkbox/download/rc-checkbox-2.0.3.tgz",
      "integrity": "sha1-Q2qdUIlI4iSYDwU16nOLSBd6jyU="
    },
    "rc-collapse": {
      "version": "1.7.5",
      "resolved": "http://registry.npm.taobao.org/rc-collapse/download/rc-collapse-1.7.5.tgz",
      "integrity": "sha1-xuzIhpaLpahqHO0eKqSSn0HzUl4="
    },
    "rc-dialog": {
      "version": "6.5.10",
      "resolved": "http://registry.npm.taobao.org/rc-dialog/download/rc-dialog-6.5.10.tgz",
      "integrity": "sha1-nuhX0RF6MMj9ZaN/7Z9TE7BGMqM="
    },
    "rc-drawer": {
      "version": "0.4.9",
      "resolved": "http://registry.npm.taobao.org/rc-drawer/download/rc-drawer-0.4.9.tgz",
      "integrity": "sha1-6QvQExZp75dOGAPKbPPSpyzWNf4="
    },
    "rc-form": {
      "version": "1.4.3",
      "resolved": "http://registry.npm.taobao.org/rc-form/download/rc-form-1.4.3.tgz",
      "integrity": "sha1-TpbvemkTv2JPMG0I6iYx2P/FjIE="
    },
    "rc-hammerjs": {
      "version": "0.6.7",
      "resolved": "http://registry.npm.taobao.org/rc-hammerjs/download/rc-hammerjs-0.6.7.tgz",
      "integrity": "sha1-2/p4p0b5eNZ4gUBxTKPJh32PX9c="
    },
    "rc-input-number": {
      "version": "3.4.15",
      "resolved": "http://registry.npm.taobao.org/rc-input-number/download/rc-input-number-3.4.15.tgz",
      "integrity": "sha1-L5BHNUAK8IO57rYFlqBeSLH6i44="
    },
    "rc-notification": {
      "version": "2.0.0",
      "resolved": "http://registry.npm.taobao.org/rc-notification/download/rc-notification-2.0.0.tgz",
      "integrity": "sha1-NnsJ/8gn+xsAPpmzjVa47a0wE38="
    },
    "rc-slider": {
      "version": "7.0.8",
      "resolved": "http://registry.npm.taobao.org/rc-slider/download/rc-slider-7.0.8.tgz",
      "integrity": "sha1-G918v9jsG2QYulXlBoiLu1AVlVY="
    },
    "rc-steps": {
      "version": "2.5.1",
      "resolved": "http://registry.npm.taobao.org/rc-steps/download/rc-steps-2.5.1.tgz",
      "integrity": "sha1-w5aa6j+5hM7Ll3pKlqtjTXVqbcQ="
    },
    "rc-swipeout": {
      "version": "1.3.6",
      "resolved": "http://registry.npm.taobao.org/rc-swipeout/download/rc-swipeout-1.3.6.tgz",
      "integrity": "sha1-5fHnA24rFAs9khjjsi77DqzH8lI="
    },
    "rc-table": {
      "version": "5.3.3",
      "resolved": "http://registry.npm.taobao.org/rc-table/download/rc-table-5.3.3.tgz",
      "integrity": "sha1-KU+6EoyOy6tZoy6027p9WFcyehY="
    },
    "rc-tabs": {
      "version": "8.0.0",
      "resolved": "http://registry.npm.taobao.org/rc-tabs/download/rc-tabs-8.0.0.tgz",
      "integrity": "sha1-JFGee6/UOwRA6cZRoNPvAxK8/Kw="
    },
    "rc-tooltip": {
      "version": "3.4.6",
      "resolved": "http://registry.npm.taobao.org/rc-tooltip/download/rc-tooltip-3.4.6.tgz",
      "integrity": "sha1-7ZjeKntBLlJ8a9iiqX3d8Lq9LyE="
    },
    "rc-touchable": {
      "version": "1.2.2",
      "resolved": "http://registry.npm.taobao.org/rc-touchable/download/rc-touchable-1.2.2.tgz",
      "integrity": "sha1-4JNsoAabRVy6co5U1MEMD6E1WP4="
    },
    "rc-trigger": {
      "version": "1.10.4",
      "resolved": "http://registry.npm.taobao.org/rc-trigger/download/rc-trigger-1.10.4.tgz",
      "integrity": "sha1-+jDddaGhnXGr/020yXwL89dJZKI="
    },
    "rc-util": {
      "version": "4.0.4",
      "resolved": "http://registry.npm.taobao.org/rc-util/download/rc-util-4.0.4.tgz",
      "integrity": "sha1-mYE92Qrufim2STmnCsF26tP0/zk="
    },
    "react": {
      "version": "15.5.4",
      "resolved": "http://registry.npm.taobao.org/react/download/react-15.5.4.tgz",
      "integrity": "sha1-+oPrAVBqsjfNwcjDsc6o3gEr8Ec="
    },
    "react-dom": {
      "version": "15.5.4",
      "resolved": "http://registry.npm.taobao.org/react-dom/download/react-dom-15.5.4.tgz",
      "integrity": "sha1-ugwoeG/VLtfk8hNf4CiNRirvk9o="
    },
    "react-mixin": {
      "version": "3.0.5",
      "resolved": "http://registry.npm.taobao.org/react-mixin/download/react-mixin-3.0.5.tgz",
      "integrity": "sha1-4Le2cT/cndxCkmffgItqxRhMZwY="
    },
    "react-native-camera-roll-picker": {
      "version": "1.1.9",
      "resolved": "http://registry.npm.taobao.org/react-native-camera-roll-picker/download/react-native-camera-roll-picker-1.1.9.tgz",
      "integrity": "sha1-mbrTqcEXrXnmcETEIM5GPuGPKdM="
    },
    "react-native-collapsible": {
      "version": "0.8.0",
      "resolved": "http://registry.npm.taobao.org/react-native-collapsible/download/react-native-collapsible-0.8.0.tgz",
      "integrity": "sha1-Fpr0suWW5F+g3wdpEY6KeNFJFIY="
    },
    "react-native-dismiss-keyboard": {
      "version": "1.0.0",
      "resolved": "http://registry.npm.taobao.org/react-native-dismiss-keyboard/download/react-native-dismiss-keyboard-1.0.0.tgz",
      "integrity": "sha1-MohiQrPyMX4SHzrrmwpYXiuHm0k="
    },
    "react-native-drawer-layout": {
      "version": "1.3.1",
      "resolved": "http://registry.npm.taobao.org/react-native-drawer-layout/download/react-native-drawer-layout-1.3.1.tgz",
      "integrity": "sha1-65dt+PxDhEgRrOvu0QkCk5VAb+k="
    },
    "react-native-menu": {
      "version": "0.20.2",
      "resolved": "http://registry.npm.taobao.org/react-native-menu/download/react-native-menu-0.20.2.tgz",
      "integrity": "sha1-ob7Ho9FmAkZWEpjIUfmHKLxKEwU="
    },
    "react-native-scrollable-tab-view": {
      "version": "0.7.4",
      "resolved": "http://registry.npm.taobao.org/react-native-scrollable-tab-view/download/react-native-scrollable-tab-view-0.7.4.tgz",
      "integrity": "sha1-YjoEfL+rNaJ7hokJWvUk6arHS2I="
    },
    "react-native-swipeout": {
      "version": "2.1.1",
      "resolved": "http://registry.npm.taobao.org/react-native-swipeout/download/react-native-swipeout-2.1.1.tgz",
      "integrity": "sha1-LoZKKC27YCVmSIxOGQ4Ap8FJDBE="
    },
    "react-redux": {
      "version": "4.4.8",
      "resolved": "http://registry.npm.taobao.org/react-redux/download/react-redux-4.4.8.tgz",
      "integrity": "sha1-57wd0QDotk6WrIIS2xEyObni4I8="
    },
    "react-router": {
      "version": "2.8.1",
      "resolved": "http://registry.npm.taobao.org/react-router/download/react-router-2.8.1.tgz",
      "integrity": "sha1-c+lJH2zrMW0Pd5gpCBhj43juTtc="
    },
    "react-router-redux": {
      "version": "4.0.8",
      "resolved": "http://registry.npm.taobao.org/react-router-redux/download/react-router-redux-4.0.8.tgz",
      "integrity": "sha1-InQDWWtRUeGCN32rg1tdRfD4BU4="
    },
    "react-static-container": {
      "version": "1.0.1",
      "resolved": "http://registry.npm.taobao.org/react-static-container/download/react-static-container-1.0.1.tgz",
      "integrity": "sha1-aUwN1oqJa4eVGa+1SDmcwZicmrA="
    },
    "react-sticky": {
      "version": "5.0.8",
      "resolved": "http://registry.npm.taobao.org/react-sticky/download/react-sticky-5.0.8.tgz",
      "integrity": "sha1-1fhflpd/QQCB15KrgYhsYixdixQ="
    },
    "react-timer-mixin": {
      "version": "0.13.3",
      "resolved": "http://registry.npm.taobao.org/react-timer-mixin/download/react-timer-mixin-0.13.3.tgz",
      "integrity": "sha1-Dai5+AfsB9w+hU0ILHN8ZWBbPSI="
    },
    "react-tween-state": {
      "version": "0.1.5",
      "resolved": "http://registry.npm.taobao.org/react-tween-state/download/react-tween-state-0.1.5.tgz",
      "integrity": "sha1-6YsGZVHvuTy5LdG+FJlcLj3q4zk="
    },
    "redux": {
      "version": "3.6.0",
      "resolved": "http://registry.npm.taobao.org/redux/download/redux-3.6.0.tgz",
      "integrity": "sha1-iHwrPQub2G7KK+cFccJ2VMGeGI0="
    },
    "redux-saga": {
      "version": "0.14.8",
      "resolved": "http://registry.npm.taobao.org/redux-saga/download/redux-saga-0.14.8.tgz",
      "integrity": "sha1-rQGvq+AuxBoX31Ti4JqiNrMKdzI="
    },
    "regenerator-runtime": {
      "version": "0.10.5",
      "resolved": "http://registry.npm.taobao.org/regenerator-runtime/download/regenerator-runtime-0.10.5.tgz",
      "integrity": "sha1-M2w+/BIgrc7dosn6tntaeVWjNlg="
    },
    "rmc-cascader": {
      "version": "4.2.1",
      "resolved": "http://registry.npm.taobao.org/rmc-cascader/download/rmc-cascader-4.2.1.tgz",
      "integrity": "sha1-0tZI4MIqc8I2/joNqkP+aLT5B0Q="
    },
    "rmc-date-picker": {
      "version": "5.4.0",
      "resolved": "http://registry.npm.taobao.org/rmc-date-picker/download/rmc-date-picker-5.4.0.tgz",
      "integrity": "sha1-Nm3rkOJoQrS5dqAKoN6br1fBYPY="
    },
    "rmc-list-view": {
      "version": "0.8.1",
      "resolved": "http://registry.npm.taobao.org/rmc-list-view/download/rmc-list-view-0.8.1.tgz",
      "integrity": "sha1-zAJ59m4OzZhG+wr9NleYiel7Ypw="
    },
    "rmc-nuka-carousel": {
      "version": "2.2.1",
      "resolved": "http://registry.npm.taobao.org/rmc-nuka-carousel/download/rmc-nuka-carousel-2.2.1.tgz",
      "integrity": "sha1-xCOBk6KYvhKKLxPstcJv13rQDM0="
    },
    "rmc-picker": {
      "version": "3.10.1",
      "resolved": "http://registry.npm.taobao.org/rmc-picker/download/rmc-picker-3.10.1.tgz",
      "integrity": "sha1-F/wrcdhwvvW1xGpF41xnHRWQcYE="
    },
    "rn-topview": {
      "version": "0.1.3",
      "resolved": "http://registry.npm.taobao.org/rn-topview/download/rn-topview-0.1.3.tgz",
      "integrity": "sha1-PsgQC2k7ooEanlpa8riT6NxF0Fc="
    },
    "setimmediate": {
      "version": "1.0.5",
      "resolved": "http://registry.npm.taobao.org/setimmediate/download/setimmediate-1.0.5.tgz",
      "integrity": "sha1-KQy7Iy4waULX1+qbg3Mqt4VvgoU="
    },
    "shallowequal": {
      "version": "0.2.2",
      "resolved": "http://registry.npm.taobao.org/shallowequal/download/shallowequal-0.2.2.tgz",
      "integrity": "sha1-HjL9W8q2rWiKSBLLDMBO/HXHAU4="
    },
    "smart-mixin": {
      "version": "2.0.0",
      "resolved": "http://registry.npm.taobao.org/smart-mixin/download/smart-mixin-2.0.0.tgz",
      "integrity": "sha1-o0oQVeMqdbMNK048oyPcmctT9Dc="
    },
    "storejs": {
      "version": "1.0.16",
      "resolved": "http://registry.npm.taobao.org/storejs/download/storejs-1.0.16.tgz",
      "integrity": "sha1-uONppHNCBXdc2JYPZuuTiZ8igvw="
    },
    "strict-uri-encode": {
      "version": "1.1.0",
      "resolved": "http://registry.npm.taobao.org/strict-uri-encode/download/strict-uri-encode-1.1.0.tgz",
      "integrity": "sha1-J5siXfHVgrH1TmWt3UNS4Y+qBxM="
    },
    "symbol-observable": {
      "version": "1.0.4",
      "resolved": "http://registry.npm.taobao.org/symbol-observable/download/symbol-observable-1.0.4.tgz",
      "integrity": "sha1-Kb9hXUqnEhvdiYsi1LP5vE4qoD0="
    },
    "touchjs": {
      "version": "0.2.14",
      "resolved": "http://registry.npm.taobao.org/touchjs/download/touchjs-0.2.14.tgz",
      "integrity": "sha1-9VhbTqFICb/E7bQKUeYm0BhRdC4="
    },
    "tween-functions": {
      "version": "1.2.0",
      "resolved": "http://registry.npm.taobao.org/tween-functions/download/tween-functions-1.2.0.tgz",
      "integrity": "sha1-GuOlDnxguz3vd06scHrLynO7w/8="
    },
    "ua-parser-js": {
      "version": "0.7.12",
      "resolved": "http://registry.npm.taobao.org/ua-parser-js/download/ua-parser-js-0.7.12.tgz",
      "integrity": "sha1-BMgamb3V3FImPqKdJMa/jUgYpLs="
    },
    "warning": {
      "version": "3.0.0",
      "resolved": "http://registry.npm.taobao.org/warning/download/warning-3.0.0.tgz",
      "integrity": "sha1-MuU3fLVy3kqwR1O9+IIcAe1gW3w="
    },
    "whatwg-fetch": {
      "version": "2.0.3",
      "resolved": "http://registry.npm.taobao.org/whatwg-fetch/download/whatwg-fetch-2.0.3.tgz",
      "integrity": "sha1-nITsLc9oGH/wC8ZOEnS0QhduHIQ="
    },
    "zscroller": {
      "version": "0.3.0",
      "resolved": "http://registry.npm.taobao.org/zscroller/download/zscroller-0.3.0.tgz",
      "integrity": "sha1-3Zk+cOXjlN3wS24SFeDF2BkNSLA="
    }
  }
}
